
Microsoft Visual Studio Solution File, Format Version 12.00
# Visual Studio Version 17
VisualStudioVersion = 17.1.32228.430
MinimumVisualStudioVersion = 10.0.40219.1
Project("{9A19103F-16F7-4668-BE54-9A1E7A4F7556}") = "miniproj3.Server", "miniproj3\Server\miniproj3.Server.csproj", "{CF87D275-216D-45D4-9673-D2198717FAAA}"
EndProject
Project("{9A19103F-16F7-4668-BE54-9A1E7A4F7556}") = "miniproj3.Client", "miniproj3\Client\miniproj3.Client.csproj", "{B4C075FD-6B89-4C3C-A2D7-976A49C4C913}"
EndProject
Project("{9A19103F-16F7-4668-BE54-9A1E7A4F7556}") = "miniproj3.Shared", "miniproj3\Shared\miniproj3.Shared.csproj", "{0FB6699F-AFD9-4C15-94B7-DE667A6E389A}"
EndProject
Global
	GlobalSection(SolutionConfigurationPlatforms) = preSolution
		Debug|Any CPU = Debug|Any CPU
		Release|Any CPU = Release|Any CPU
	EndGlobalSection
	GlobalSection(ProjectConfigurationPlatforms) = postSolution
		{CF87D275-216D-45D4-9673-D2198717FAAA}.Debug|Any CPU.ActiveCfg = Debug|Any CPU
		{CF87D275-216D-45D4-9673-D2198717FAAA}.Debug|Any CPU.Build.0 = Debug|Any CPU
		{CF87D275-216D-45D4-9673-D2198717FAAA}.Release|Any CPU.ActiveCfg = Release|Any CPU
		{CF87D275-216D-45D4-9673-D2198717FAAA}.Release|Any CPU.Build.0 = Release|Any CPU
		{B4C075FD-6B89-4C3C-A2D7-976A49C4C913}.Debug|Any CPU.ActiveCfg = Debug|Any CPU
		{B4C075FD-6B89-4C3C-A2D7-976A49C4C913}.Debug|Any CPU.Build.0 = Debug|Any CPU
		{B4C075FD-6B89-4C3C-A2D7-976A49C4C913}.Release|Any CPU.ActiveCfg = Release|Any CPU
		{B4C075FD-6B89-4C3C-A2D7-976A49C4C913}.Release|Any CPU.Build.0 = Release|Any CPU
		{0FB6699F-AFD9-4C15-94B7-DE667A6E389A}.Debug|Any CPU.ActiveCfg = Debug|Any CPU
		{0FB6699F-AFD9-4C15-94B7-DE667A6E389A}.Debug|Any CPU.Build.0 = Debug|Any CPU
		{0FB6699F-AFD9-4C15-94B7-DE667A6E389A}.Release|Any CPU.ActiveCfg = Release|Any CPU
		{0FB6699F-AFD9-4C15-94B7-DE667A6E389A}.Release|Any CPU.Build.0 = Release|Any CPU
	EndGlobalSection
	GlobalSection(SolutionProperties) = preSolution
		HideSolutionNode = FALSE
	EndGlobalSection
	GlobalSection(ExtensibilityGlobals) = postSolution
		SolutionGuid = {FDB43F61-2458-4627-A81D-33A1A2E62CFA}
	EndGlobalSection
EndGlobal
